
Microsoft Visual Studio Solution File, Format Version 11.00
# Visual Studio 2010
Project("{FAE04EC0-301F-11D3-BF4B-00C04F79EFBC}") = "CMPE1700BrandonFooteLab3", "CMPE1700BrandonFooteLab3\CMPE1700BrandonFooteLab3.csproj", "{B3DC98DF-E1BD-46EB-B698-BE1DD9C33EE4}"
EndProject
Global
	GlobalSection(SolutionConfigurationPlatforms) = preSolution
		Debug|x86 = Debug|x86
		Release|x86 = Release|x86
	EndGlobalSection
	GlobalSection(ProjectConfigurationPlatforms) = postSolution
		{B3DC98DF-E1BD-46EB-B698-BE1DD9C33EE4}.Debug|x86.ActiveCfg = Debug|x86
		{B3DC98DF-E1BD-46EB-B698-BE1DD9C33EE4}.Debug|x86.Build.0 = Debug|x86
		{B3DC98DF-E1BD-46EB-B698-BE1DD9C33EE4}.Release|x86.ActiveCfg = Release|x86
		{B3DC98DF-E1BD-46EB-B698-BE1DD9C33EE4}.Release|x86.Build.0 = Release|x86
	EndGlobalSection
	GlobalSection(SolutionProperties) = preSolution
		HideSolutionNode = FALSE
	EndGlobalSection
EndGlobal
