
Microsoft Visual Studio Solution File, Format Version 11.00
# Visual Studio 2010
Project("{FAE04EC0-301F-11D3-BF4B-00C04F79EFBC}") = "CMPE1700BrandonFooteLab1", "CMPE1700BrandonFooteLab1\CMPE1700BrandonFooteLab1.csproj", "{DB9D1460-E04F-4D2A-BCE1-D4B0A79683A4}"
EndProject
Global
	GlobalSection(SolutionConfigurationPlatforms) = preSolution
		Debug|x86 = Debug|x86
		Release|x86 = Release|x86
	EndGlobalSection
	GlobalSection(ProjectConfigurationPlatforms) = postSolution
		{DB9D1460-E04F-4D2A-BCE1-D4B0A79683A4}.Debug|x86.ActiveCfg = Debug|x86
		{DB9D1460-E04F-4D2A-BCE1-D4B0A79683A4}.Debug|x86.Build.0 = Debug|x86
		{DB9D1460-E04F-4D2A-BCE1-D4B0A79683A4}.Release|x86.ActiveCfg = Release|x86
		{DB9D1460-E04F-4D2A-BCE1-D4B0A79683A4}.Release|x86.Build.0 = Release|x86
	EndGlobalSection
	GlobalSection(SolutionProperties) = preSolution
		HideSolutionNode = FALSE
	EndGlobalSection
EndGlobal
